{
  "name": "signalk-ajrm-marine-gps-integrity",
  "version": "0.8.2",
  "lockfileVersion": 3,
  "requires": true,
  "packages": {
    "": {
      "name": "signalk-ajrm-marine-gps-integrity",
      "version": "0.8.2",
      "license": "AGPL-3.0-or-later",
      "dependencies": {
        "geomagnetism": "^0.2.0"
      },
      "devDependencies": {
        "@ajrm-marine/map-core": "github:ajrm-marine-suite/ajrm-marine-map-core#v0.7.0"
      },
      "engines": {
        "node": ">=20"
      }
    },
    "node_modules/@ajrm-marine/map-core": {
      "version": "0.7.0",
      "resolved": "git+ssh://git@github.com/ajrm-marine-suite/ajrm-marine-map-core.git#d9dd6e3bd9979637eed4587340e831b7c5500408",
      "dev": true,
      "license": "AGPL-3.0-or-later"
    },
    "node_modules/geomagnetism": {
      "version": "0.2.0",
      "resolved": "https://registry.npmjs.org/geomagnetism/-/geomagnetism-0.2.0.tgz",
      "integrity": "sha512-dO8HJrXqah244nMe+pU5m52L90SMoi4lDA0AV3xunRxogloYV+s3aYWCW72VMMfiYis+YSAlhoKktw8aLMiJbw==",
      "license": "Apache-2.0"
    }
  }
}
